
Microsoft Visual Studio Solution File, Format Version 12.00
# Visual Studio Version 16
VisualStudioVersion = 16.0.29424.173
MinimumVisualStudioVersion = 10.0.40219.1
Project("{FAE04EC0-301F-11D3-BF4B-00C04F79EFBC}") = "AmaBot", "AmaBot\AmaBot.csproj", "{DD26F7B4-9834-462A-93C6-E412A39B2218}"
EndProject
Global
	GlobalSection(SolutionConfigurationPlatforms) = preSolution
		Debug|Any CPU = Debug|Any CPU
		Release|Any CPU = Release|Any CPU
	EndGlobalSection
	GlobalSection(ProjectConfigurationPlatforms) = postSolution
		{DD26F7B4-9834-462A-93C6-E412A39B2218}.Debug|Any CPU.ActiveCfg = Debug|Any CPU
		{DD26F7B4-9834-462A-93C6-E412A39B2218}.Debug|Any CPU.Build.0 = Debug|Any CPU
		{DD26F7B4-9834-462A-93C6-E412A39B2218}.Release|Any CPU.ActiveCfg = Release|Any CPU
		{DD26F7B4-9834-462A-93C6-E412A39B2218}.Release|Any CPU.Build.0 = Release|Any CPU
	EndGlobalSection
	GlobalSection(SolutionProperties) = preSolution
		HideSolutionNode = FALSE
	EndGlobalSection
	GlobalSection(ExtensibilityGlobals) = postSolution
		SolutionGuid = {AB0ECB13-C825-47AC-A32D-239908F53D35}
	EndGlobalSection
EndGlobal
